
Microsoft Visual Studio Solution File, Format Version 12.00
# Visual Studio Version 17
VisualStudioVersion = 17.2.32630.192
MinimumVisualStudioVersion = 10.0.40219.1
Project("{9A19103F-16F7-4668-BE54-9A1E7A4F7556}") = "tartalyok", "WpfApp2\tartalyok.csproj", "{88BF5438-D477-44B5-9266-080877A629B7}"
EndProject
Global
	GlobalSection(SolutionConfigurationPlatforms) = preSolution
		Debug|Any CPU = Debug|Any CPU
		Release|Any CPU = Release|Any CPU
	EndGlobalSection
	GlobalSection(ProjectConfigurationPlatforms) = postSolution
		{88BF5438-D477-44B5-9266-080877A629B7}.Debug|Any CPU.ActiveCfg = Debug|Any CPU
		{88BF5438-D477-44B5-9266-080877A629B7}.Debug|Any CPU.Build.0 = Debug|Any CPU
		{88BF5438-D477-44B5-9266-080877A629B7}.Release|Any CPU.ActiveCfg = Release|Any CPU
		{88BF5438-D477-44B5-9266-080877A629B7}.Release|Any CPU.Build.0 = Release|Any CPU
	EndGlobalSection
	GlobalSection(SolutionProperties) = preSolution
		HideSolutionNode = FALSE
	EndGlobalSection
	GlobalSection(ExtensibilityGlobals) = postSolution
		SolutionGuid = {D8896928-31DC-4325-9A7F-6D560B00AD94}
	EndGlobalSection
EndGlobal
